
Microsoft Visual Studio Solution File, Format Version 12.00
# Visual Studio 15
VisualStudioVersion = 15.0.28010.2019
MinimumVisualStudioVersion = 10.0.40219.1
Project("{FAE04EC0-301F-11D3-BF4B-00C04F79EFBC}") = "CFTHManager", "CFTHManager\CFTHManager.csproj", "{BF11A431-B36F-4523-9542-9C59C12D0DDB}"
EndProject
Global
	GlobalSection(SolutionConfigurationPlatforms) = preSolution
		Debug|Any CPU = Debug|Any CPU
		Release|Any CPU = Release|Any CPU
	EndGlobalSection
	GlobalSection(ProjectConfigurationPlatforms) = postSolution
		{BF11A431-B36F-4523-9542-9C59C12D0DDB}.Debug|Any CPU.ActiveCfg = Debug|Any CPU
		{BF11A431-B36F-4523-9542-9C59C12D0DDB}.Debug|Any CPU.Build.0 = Debug|Any CPU
		{BF11A431-B36F-4523-9542-9C59C12D0DDB}.Release|Any CPU.ActiveCfg = Release|Any CPU
		{BF11A431-B36F-4523-9542-9C59C12D0DDB}.Release|Any CPU.Build.0 = Release|Any CPU
	EndGlobalSection
	GlobalSection(SolutionProperties) = preSolution
		HideSolutionNode = FALSE
	EndGlobalSection
	GlobalSection(ExtensibilityGlobals) = postSolution
		SolutionGuid = {F815389B-97E7-4050-9A11-86A8D052CA36}
	EndGlobalSection
EndGlobal
